
Microsoft Visual Studio Solution File, Format Version 12.00
# Visual Studio Version 16
VisualStudioVersion = 16.0.30907.101
MinimumVisualStudioVersion = 10.0.40219.1
Project("{FAE04EC0-301F-11D3-BF4B-00C04F79EFBC}") = "ASP.NET Implementation", "ASP.NET Implementation\ASP.NET Implementation.csproj", "{B1EE37BA-956D-4278-AC32-22DD74CC41AA}"
EndProject
Global
	GlobalSection(SolutionConfigurationPlatforms) = preSolution
		Debug|Any CPU = Debug|Any CPU
		Release|Any CPU = Release|Any CPU
	EndGlobalSection
	GlobalSection(ProjectConfigurationPlatforms) = postSolution
		{B1EE37BA-956D-4278-AC32-22DD74CC41AA}.Debug|Any CPU.ActiveCfg = Debug|Any CPU
		{B1EE37BA-956D-4278-AC32-22DD74CC41AA}.Debug|Any CPU.Build.0 = Debug|Any CPU
		{B1EE37BA-956D-4278-AC32-22DD74CC41AA}.Release|Any CPU.ActiveCfg = Release|Any CPU
		{B1EE37BA-956D-4278-AC32-22DD74CC41AA}.Release|Any CPU.Build.0 = Release|Any CPU
	EndGlobalSection
	GlobalSection(SolutionProperties) = preSolution
		HideSolutionNode = FALSE
	EndGlobalSection
	GlobalSection(ExtensibilityGlobals) = postSolution
		SolutionGuid = {AD258E44-B531-490B-84B2-3694457B10CC}
	EndGlobalSection
EndGlobal
